
Microsoft Visual Studio Solution File, Format Version 12.00
# Visual Studio 2012
Project("{FAE04EC0-301F-11D3-BF4B-00C04F79EFBC}") = "Matchs_Lib", "Matchs_Lib\Matchs_Lib.csproj", "{C812C5DA-433F-40F2-AA73-4B9801277173}"
EndProject
Global
	GlobalSection(SolutionConfigurationPlatforms) = preSolution
		Debug|Any CPU = Debug|Any CPU
		Release|Any CPU = Release|Any CPU
	EndGlobalSection
	GlobalSection(ProjectConfigurationPlatforms) = postSolution
		{C812C5DA-433F-40F2-AA73-4B9801277173}.Debug|Any CPU.ActiveCfg = Debug|Any CPU
		{C812C5DA-433F-40F2-AA73-4B9801277173}.Debug|Any CPU.Build.0 = Debug|Any CPU
		{C812C5DA-433F-40F2-AA73-4B9801277173}.Release|Any CPU.ActiveCfg = Release|Any CPU
		{C812C5DA-433F-40F2-AA73-4B9801277173}.Release|Any CPU.Build.0 = Release|Any CPU
	EndGlobalSection
	GlobalSection(SolutionProperties) = preSolution
		HideSolutionNode = FALSE
	EndGlobalSection
EndGlobal
